
Microsoft Visual Studio Solution File, Format Version 12.00
# Visual Studio Version 16
VisualStudioVersion = 16.0.28922.388
MinimumVisualStudioVersion = 15.0.26124.0
Project("{9A19103F-16F7-4668-BE54-9A1E7A4F7556}") = "Crafted.Api", "Crafted.Api\Crafted.Api.csproj", "{3DF7433C-0F69-4AD7-9D98-D3214CDC23A9}"
EndProject
Project("{9A19103F-16F7-4668-BE54-9A1E7A4F7556}") = "Crafted.DTO", "Crafted.DTO\Crafted.DTO.csproj", "{DDB25FB1-4138-4BF2-99BB-102BEC6A7303}"
EndProject
Project("{9A19103F-16F7-4668-BE54-9A1E7A4F7556}") = "Crafted.Data", "Crafted.Data\Crafted.Data.csproj", "{CF2348B7-FDE2-4FFC-A9A1-7CA6B87726FE}"
EndProject
Project("{E53339B2-1760-4266-BCC7-CA923CBCF16C}") = "docker-compose", "docker-compose.dcproj", "{5C653B35-120A-4FF7-BB1A-450489B6C9D3}"
EndProject
Project("{9A19103F-16F7-4668-BE54-9A1E7A4F7556}") = "Crafted.Services", "Crafted.Services\Crafted.Services.csproj", "{00ACAB21-D094-4924-AB24-D1074D787A6A}"
EndProject
Project("{9A19103F-16F7-4668-BE54-9A1E7A4F7556}") = "Crafted.Services.Test", "Crafted.Services.Test\Crafted.Services.Test.csproj", "{75FB0E87-1C4D-4F21-A418-0F31F9E8E16B}"
EndProject
Project("{FAE04EC0-301F-11D3-BF4B-00C04F79EFBC}") = "Crafted.Util", "Crafted.Util\Crafted.Util.csproj", "{5BFF3C24-0A5D-4724-A9D2-B9F9FBC10315}"
EndProject
Global
	GlobalSection(SolutionConfigurationPlatforms) = preSolution
		Debug|Any CPU = Debug|Any CPU
		Debug|x64 = Debug|x64
		Debug|x86 = Debug|x86
		Release|Any CPU = Release|Any CPU
		Release|x64 = Release|x64
		Release|x86 = Release|x86
	EndGlobalSection
	GlobalSection(ProjectConfigurationPlatforms) = postSolution
		{3DF7433C-0F69-4AD7-9D98-D3214CDC23A9}.Debug|Any CPU.ActiveCfg = Debug|Any CPU
		{3DF7433C-0F69-4AD7-9D98-D3214CDC23A9}.Debug|Any CPU.Build.0 = Debug|Any CPU
		{3DF7433C-0F69-4AD7-9D98-D3214CDC23A9}.Debug|x64.ActiveCfg = Debug|Any CPU
		{3DF7433C-0F69-4AD7-9D98-D3214CDC23A9}.Debug|x64.Build.0 = Debug|Any CPU
		{3DF7433C-0F69-4AD7-9D98-D3214CDC23A9}.Debug|x86.ActiveCfg = Debug|Any CPU
		{3DF7433C-0F69-4AD7-9D98-D3214CDC23A9}.Debug|x86.Build.0 = Debug|Any CPU
		{3DF7433C-0F69-4AD7-9D98-D3214CDC23A9}.Release|Any CPU.ActiveCfg = Release|Any CPU
		{3DF7433C-0F69-4AD7-9D98-D3214CDC23A9}.Release|Any CPU.Build.0 = Release|Any CPU
		{3DF7433C-0F69-4AD7-9D98-D3214CDC23A9}.Release|x64.ActiveCfg = Release|Any CPU
		{3DF7433C-0F69-4AD7-9D98-D3214CDC23A9}.Release|x64.Build.0 = Release|Any CPU
		{3DF7433C-0F69-4AD7-9D98-D3214CDC23A9}.Release|x86.ActiveCfg = Release|Any CPU
		{3DF7433C-0F69-4AD7-9D98-D3214CDC23A9}.Release|x86.Build.0 = Release|Any CPU
		{DDB25FB1-4138-4BF2-99BB-102BEC6A7303}.Debug|Any CPU.ActiveCfg = Debug|Any CPU
		{DDB25FB1-4138-4BF2-99BB-102BEC6A7303}.Debug|Any CPU.Build.0 = Debug|Any CPU
		{DDB25FB1-4138-4BF2-99BB-102BEC6A7303}.Debug|x64.ActiveCfg = Debug|Any CPU
		{DDB25FB1-4138-4BF2-99BB-102BEC6A7303}.Debug|x64.Build.0 = Debug|Any CPU
		{DDB25FB1-4138-4BF2-99BB-102BEC6A7303}.Debug|x86.ActiveCfg = Debug|Any CPU
		{DDB25FB1-4138-4BF2-99BB-102BEC6A7303}.Debug|x86.Build.0 = Debug|Any CPU
		{DDB25FB1-4138-4BF2-99BB-102BEC6A7303}.Release|Any CPU.ActiveCfg = Release|Any CPU
		{DDB25FB1-4138-4BF2-99BB-102BEC6A7303}.Release|Any CPU.Build.0 = Release|Any CPU
		{DDB25FB1-4138-4BF2-99BB-102BEC6A7303}.Release|x64.ActiveCfg = Release|Any CPU
		{DDB25FB1-4138-4BF2-99BB-102BEC6A7303}.Release|x64.Build.0 = Release|Any CPU
		{DDB25FB1-4138-4BF2-99BB-102BEC6A7303}.Release|x86.ActiveCfg = Release|Any CPU
		{DDB25FB1-4138-4BF2-99BB-102BEC6A7303}.Release|x86.Build.0 = Release|Any CPU
		{CF2348B7-FDE2-4FFC-A9A1-7CA6B87726FE}.Debug|Any CPU.ActiveCfg = Debug|Any CPU
		{CF2348B7-FDE2-4FFC-A9A1-7CA6B87726FE}.Debug|Any CPU.Build.0 = Debug|Any CPU
		{CF2348B7-FDE2-4FFC-A9A1-7CA6B87726FE}.Debug|x64.ActiveCfg = Debug|Any CPU
		{CF2348B7-FDE2-4FFC-A9A1-7CA6B87726FE}.Debug|x64.Build.0 = Debug|Any CPU
		{CF2348B7-FDE2-4FFC-A9A1-7CA6B87726FE}.Debug|x86.ActiveCfg = Debug|Any CPU
		{CF2348B7-FDE2-4FFC-A9A1-7CA6B87726FE}.Debug|x86.Build.0 = Debug|Any CPU
		{CF2348B7-FDE2-4FFC-A9A1-7CA6B87726FE}.Release|Any CPU.ActiveCfg = Release|Any CPU
		{CF2348B7-FDE2-4FFC-A9A1-7CA6B87726FE}.Release|Any CPU.Build.0 = Release|Any CPU
		{CF2348B7-FDE2-4FFC-A9A1-7CA6B87726FE}.Release|x64.ActiveCfg = Release|Any CPU
		{CF2348B7-FDE2-4FFC-A9A1-7CA6B87726FE}.Release|x64.Build.0 = Release|Any CPU
		{CF2348B7-FDE2-4FFC-A9A1-7CA6B87726FE}.Release|x86.ActiveCfg = Release|Any CPU
		{CF2348B7-FDE2-4FFC-A9A1-7CA6B87726FE}.Release|x86.Build.0 = Release|Any CPU
		{5C653B35-120A-4FF7-BB1A-450489B6C9D3}.Debug|Any CPU.ActiveCfg = Debug|Any CPU
		{5C653B35-120A-4FF7-BB1A-450489B6C9D3}.Debug|Any CPU.Build.0 = Debug|Any CPU
		{5C653B35-120A-4FF7-BB1A-450489B6C9D3}.Debug|x64.ActiveCfg = Debug|Any CPU
		{5C653B35-120A-4FF7-BB1A-450489B6C9D3}.Debug|x64.Build.0 = Debug|Any CPU
		{5C653B35-120A-4FF7-BB1A-450489B6C9D3}.Debug|x86.ActiveCfg = Debug|Any CPU
		{5C653B35-120A-4FF7-BB1A-450489B6C9D3}.Debug|x86.Build.0 = Debug|Any CPU
		{5C653B35-120A-4FF7-BB1A-450489B6C9D3}.Release|Any CPU.ActiveCfg = Release|Any CPU
		{5C653B35-120A-4FF7-BB1A-450489B6C9D3}.Release|Any CPU.Build.0 = Release|Any CPU
		{5C653B35-120A-4FF7-BB1A-450489B6C9D3}.Release|x64.ActiveCfg = Release|Any CPU
		{5C653B35-120A-4FF7-BB1A-450489B6C9D3}.Release|x64.Build.0 = Release|Any CPU
		{5C653B35-120A-4FF7-BB1A-450489B6C9D3}.Release|x86.ActiveCfg = Release|Any CPU
		{5C653B35-120A-4FF7-BB1A-450489B6C9D3}.Release|x86.Build.0 = Release|Any CPU
		{00ACAB21-D094-4924-AB24-D1074D787A6A}.Debug|Any CPU.ActiveCfg = Debug|Any CPU
		{00ACAB21-D094-4924-AB24-D1074D787A6A}.Debug|Any CPU.Build.0 = Debug|Any CPU
		{00ACAB21-D094-4924-AB24-D1074D787A6A}.Debug|x64.ActiveCfg = Debug|Any CPU
		{00ACAB21-D094-4924-AB24-D1074D787A6A}.Debug|x64.Build.0 = Debug|Any CPU
		{00ACAB21-D094-4924-AB24-D1074D787A6A}.Debug|x86.ActiveCfg = Debug|Any CPU
		{00ACAB21-D094-4924-AB24-D1074D787A6A}.Debug|x86.Build.0 = Debug|Any CPU
		{00ACAB21-D094-4924-AB24-D1074D787A6A}.Release|Any CPU.ActiveCfg = Release|Any CPU
		{00ACAB21-D094-4924-AB24-D1074D787A6A}.Release|Any CPU.Build.0 = Release|Any CPU
		{00ACAB21-D094-4924-AB24-D1074D787A6A}.Release|x64.ActiveCfg = Release|Any CPU
		{00ACAB21-D094-4924-AB24-D1074D787A6A}.Release|x64.Build.0 = Release|Any CPU
		{00ACAB21-D094-4924-AB24-D1074D787A6A}.Release|x86.ActiveCfg = Release|Any CPU
		{00ACAB21-D094-4924-AB24-D1074D787A6A}.Release|x86.Build.0 = Release|Any CPU
		{75FB0E87-1C4D-4F21-A418-0F31F9E8E16B}.Debug|Any CPU.ActiveCfg = Debug|Any CPU
		{75FB0E87-1C4D-4F21-A418-0F31F9E8E16B}.Debug|Any CPU.Build.0 = Debug|Any CPU
		{75FB0E87-1C4D-4F21-A418-0F31F9E8E16B}.Debug|x64.ActiveCfg = Debug|Any CPU
		{75FB0E87-1C4D-4F21-A418-0F31F9E8E16B}.Debug|x64.Build.0 = Debug|Any CPU
		{75FB0E87-1C4D-4F21-A418-0F31F9E8E16B}.Debug|x86.ActiveCfg = Debug|Any CPU
		{75FB0E87-1C4D-4F21-A418-0F31F9E8E16B}.Debug|x86.Build.0 = Debug|Any CPU
		{75FB0E87-1C4D-4F21-A418-0F31F9E8E16B}.Release|Any CPU.ActiveCfg = Release|Any CPU
		{75FB0E87-1C4D-4F21-A418-0F31F9E8E16B}.Release|Any CPU.Build.0 = Release|Any CPU
		{75FB0E87-1C4D-4F21-A418-0F31F9E8E16B}.Release|x64.ActiveCfg = Release|Any CPU
		{75FB0E87-1C4D-4F21-A418-0F31F9E8E16B}.Release|x64.Build.0 = Release|Any CPU
		{75FB0E87-1C4D-4F21-A418-0F31F9E8E16B}.Release|x86.ActiveCfg = Release|Any CPU
		{75FB0E87-1C4D-4F21-A418-0F31F9E8E16B}.Release|x86.Build.0 = Release|Any CPU
		{5BFF3C24-0A5D-4724-A9D2-B9F9FBC10315}.Debug|Any CPU.ActiveCfg = Debug|Any CPU
		{5BFF3C24-0A5D-4724-A9D2-B9F9FBC10315}.Debug|Any CPU.Build.0 = Debug|Any CPU
		{5BFF3C24-0A5D-4724-A9D2-B9F9FBC10315}.Debug|x64.ActiveCfg = Debug|Any CPU
		{5BFF3C24-0A5D-4724-A9D2-B9F9FBC10315}.Debug|x64.Build.0 = Debug|Any CPU
		{5BFF3C24-0A5D-4724-A9D2-B9F9FBC10315}.Debug|x86.ActiveCfg = Debug|Any CPU
		{5BFF3C24-0A5D-4724-A9D2-B9F9FBC10315}.Debug|x86.Build.0 = Debug|Any CPU
		{5BFF3C24-0A5D-4724-A9D2-B9F9FBC10315}.Release|Any CPU.ActiveCfg = Release|Any CPU
		{5BFF3C24-0A5D-4724-A9D2-B9F9FBC10315}.Release|Any CPU.Build.0 = Release|Any CPU
		{5BFF3C24-0A5D-4724-A9D2-B9F9FBC10315}.Release|x64.ActiveCfg = Release|Any CPU
		{5BFF3C24-0A5D-4724-A9D2-B9F9FBC10315}.Release|x64.Build.0 = Release|Any CPU
		{5BFF3C24-0A5D-4724-A9D2-B9F9FBC10315}.Release|x86.ActiveCfg = Release|Any CPU
		{5BFF3C24-0A5D-4724-A9D2-B9F9FBC10315}.Release|x86.Build.0 = Release|Any CPU
	EndGlobalSection
	GlobalSection(SolutionProperties) = preSolution
		HideSolutionNode = FALSE
	EndGlobalSection
	GlobalSection(ExtensibilityGlobals) = postSolution
		SolutionGuid = {3B95E290-ECB6-465C-87D2-A69F8DC718D8}
	EndGlobalSection
EndGlobal
